
Microsoft Visual Studio Solution File, Format Version 12.00
# Visual Studio Version 16
VisualStudioVersion = 16.0.31911.196
MinimumVisualStudioVersion = 10.0.40219.1
Project("{2150E333-8FDC-42A3-9474-1A3956D46DE8}") = "Chapter1", "Chapter1", "{DC123469-E743-4500-86B9-B1BC450AA0BA}"
EndProject
Project("{9A19103F-16F7-4668-BE54-9A1E7A4F7556}") = "SimUDuckApp", "SimUDuckApp\SimUDuckApp.csproj", "{7AF50828-A69B-48EA-8C5E-714533DC9ABA}"
EndProject
Project("{9A19103F-16F7-4668-BE54-9A1E7A4F7556}") = "SimUDuckApp2", "SimUDuckApp2\SimUDuckApp2.csproj", "{FE1D8F66-C369-49EE-B0F5-6019714DC6F7}"
EndProject
Project("{9A19103F-16F7-4668-BE54-9A1E7A4F7556}") = "DesignPuzzleAdventureGame", "DesignPuzzleAdventureGame\DesignPuzzleAdventureGame.csproj", "{CF1C6B7F-E802-461F-9E0A-E7E2ED19091A}"
EndProject
Project("{2150E333-8FDC-42A3-9474-1A3956D46DE8}") = "Chapter2", "Chapter2", "{A9184D0C-5842-4DD7-BA5A-6BF075D13C6C}"
EndProject
Project("{9A19103F-16F7-4668-BE54-9A1E7A4F7556}") = "WeatherMonitorObserver", "WeatherMonitorObserver\WeatherMonitorObserver.csproj", "{19BA367C-5603-4468-99FD-ECB04D4D91BE}"
EndProject
Project("{9A19103F-16F7-4668-BE54-9A1E7A4F7556}") = "WeatherStationRefactored", "WeatherStationRefactored\WeatherStationRefactored.csproj", "{DCB7D535-9884-4104-9230-A880C00E0ADC}"
EndProject
Project("{2150E333-8FDC-42A3-9474-1A3956D46DE8}") = "Chapter3", "Chapter3", "{7A856D5F-9794-465C-B061-10CFE4FC868F}"
EndProject
Project("{9A19103F-16F7-4668-BE54-9A1E7A4F7556}") = "StarBuzzDecorator", "StarBuzzDecorator\StarBuzzDecorator.csproj", "{1AD32991-B02A-4AE9-B120-D796D730A3BC}"
EndProject
Project("{9A19103F-16F7-4668-BE54-9A1E7A4F7556}") = "StarBuzzDecoratorRefactored", "StarBuzzDecoratorRefactored\StarBuzzDecoratorRefactored.csproj", "{0430B70B-4838-41FE-916B-06B496861D90}"
EndProject
Project("{9A19103F-16F7-4668-BE54-9A1E7A4F7556}") = "MicrosoftFlightObserver", "FlightObserver\MicrosoftFlightObserver.csproj", "{B83DDE39-00BB-453F-B4A5-508126769B3F}"
EndProject
Project("{9A19103F-16F7-4668-BE54-9A1E7A4F7556}") = "WeatherStationIObservableT", "WeatherStationIObservableT\WeatherStationIObservableT.csproj", "{2A24C29C-1D82-40EF-BC52-AB9C5C518965}"
EndProject
Project("{9A19103F-16F7-4668-BE54-9A1E7A4F7556}") = "DecoratorWithInterface", "DecoratorWithInterface\DecoratorWithInterface.csproj", "{4E7BE15B-0334-48E6-9888-E4E78DBB2390}"
EndProject
Project("{2150E333-8FDC-42A3-9474-1A3956D46DE8}") = "Chapter4", "Chapter4", "{5BD0B512-DD0A-48F8-AA52-ECE6A0BFE863}"
EndProject
Project("{9A19103F-16F7-4668-BE54-9A1E7A4F7556}") = "SimpleFactory", "TheFactoryPatternStart\SimpleFactory.csproj", "{6A405A0F-59A1-4C9F-8FD8-B0CC91CD21FD}"
EndProject
Project("{9A19103F-16F7-4668-BE54-9A1E7A4F7556}") = "FactoryMethod", "FactoryMethod2\FactoryMethod.csproj", "{C2540A03-1352-4A32-AB64-00A0D5469522}"
EndProject
Project("{9A19103F-16F7-4668-BE54-9A1E7A4F7556}") = "AbstractFactory", "AbstractFactory\AbstractFactory.csproj", "{65F36391-8C8D-4C51-929C-3E5BBF95C99C}"
EndProject
Project("{2150E333-8FDC-42A3-9474-1A3956D46DE8}") = "Chapter5", "Chapter5", "{60944F09-5D7B-415A-8D07-3F87E8468ABD}"
EndProject
Project("{9A19103F-16F7-4668-BE54-9A1E7A4F7556}") = "TheChocolateFactory", "TheChocolateFactory\TheChocolateFactory.csproj", "{5704258F-32F6-4525-9DCE-7A850D4C6E12}"
EndProject
Project("{9A19103F-16F7-4668-BE54-9A1E7A4F7556}") = "SingletonPluralsight", "SingletonPluralsight\SingletonPluralsight.csproj", "{BA13F2F9-A4AC-4EE5-A7E4-B67F0C17BA8A}"
EndProject
Project("{2150E333-8FDC-42A3-9474-1A3956D46DE8}") = "Chapter6", "Chapter6", "{29C28212-57B9-40B3-BFF6-FE95D68BBE67}"
EndProject
Project("{9A19103F-16F7-4668-BE54-9A1E7A4F7556}") = "RemoteCommander", "RemoteCommander\RemoteCommander.csproj", "{FCDE4D4C-443E-4FCD-B992-C2A9BC0AE262}"
EndProject
Project("{FAE04EC0-301F-11D3-BF4B-00C04F79EFBC}") = "RemoteControlWithSlots", "RemoteControlWithSlots\RemoteControlWithSlots.csproj", "{4C22C26D-401B-46A5-9D6A-7828935B00E4}"
EndProject
Global
	GlobalSection(SolutionConfigurationPlatforms) = preSolution
		Debug|Any CPU = Debug|Any CPU
		Release|Any CPU = Release|Any CPU
	EndGlobalSection
	GlobalSection(ProjectConfigurationPlatforms) = postSolution
		{7AF50828-A69B-48EA-8C5E-714533DC9ABA}.Debug|Any CPU.ActiveCfg = Debug|Any CPU
		{7AF50828-A69B-48EA-8C5E-714533DC9ABA}.Debug|Any CPU.Build.0 = Debug|Any CPU
		{7AF50828-A69B-48EA-8C5E-714533DC9ABA}.Release|Any CPU.ActiveCfg = Release|Any CPU
		{7AF50828-A69B-48EA-8C5E-714533DC9ABA}.Release|Any CPU.Build.0 = Release|Any CPU
		{FE1D8F66-C369-49EE-B0F5-6019714DC6F7}.Debug|Any CPU.ActiveCfg = Debug|Any CPU
		{FE1D8F66-C369-49EE-B0F5-6019714DC6F7}.Debug|Any CPU.Build.0 = Debug|Any CPU
		{FE1D8F66-C369-49EE-B0F5-6019714DC6F7}.Release|Any CPU.ActiveCfg = Release|Any CPU
		{FE1D8F66-C369-49EE-B0F5-6019714DC6F7}.Release|Any CPU.Build.0 = Release|Any CPU
		{CF1C6B7F-E802-461F-9E0A-E7E2ED19091A}.Debug|Any CPU.ActiveCfg = Debug|Any CPU
		{CF1C6B7F-E802-461F-9E0A-E7E2ED19091A}.Debug|Any CPU.Build.0 = Debug|Any CPU
		{CF1C6B7F-E802-461F-9E0A-E7E2ED19091A}.Release|Any CPU.ActiveCfg = Release|Any CPU
		{CF1C6B7F-E802-461F-9E0A-E7E2ED19091A}.Release|Any CPU.Build.0 = Release|Any CPU
		{19BA367C-5603-4468-99FD-ECB04D4D91BE}.Debug|Any CPU.ActiveCfg = Debug|Any CPU
		{19BA367C-5603-4468-99FD-ECB04D4D91BE}.Debug|Any CPU.Build.0 = Debug|Any CPU
		{19BA367C-5603-4468-99FD-ECB04D4D91BE}.Release|Any CPU.ActiveCfg = Release|Any CPU
		{19BA367C-5603-4468-99FD-ECB04D4D91BE}.Release|Any CPU.Build.0 = Release|Any CPU
		{DCB7D535-9884-4104-9230-A880C00E0ADC}.Debug|Any CPU.ActiveCfg = Debug|Any CPU
		{DCB7D535-9884-4104-9230-A880C00E0ADC}.Debug|Any CPU.Build.0 = Debug|Any CPU
		{DCB7D535-9884-4104-9230-A880C00E0ADC}.Release|Any CPU.ActiveCfg = Release|Any CPU
		{DCB7D535-9884-4104-9230-A880C00E0ADC}.Release|Any CPU.Build.0 = Release|Any CPU
		{1AD32991-B02A-4AE9-B120-D796D730A3BC}.Debug|Any CPU.ActiveCfg = Debug|Any CPU
		{1AD32991-B02A-4AE9-B120-D796D730A3BC}.Debug|Any CPU.Build.0 = Debug|Any CPU
		{1AD32991-B02A-4AE9-B120-D796D730A3BC}.Release|Any CPU.ActiveCfg = Release|Any CPU
		{1AD32991-B02A-4AE9-B120-D796D730A3BC}.Release|Any CPU.Build.0 = Release|Any CPU
		{0430B70B-4838-41FE-916B-06B496861D90}.Debug|Any CPU.ActiveCfg = Debug|Any CPU
		{0430B70B-4838-41FE-916B-06B496861D90}.Debug|Any CPU.Build.0 = Debug|Any CPU
		{0430B70B-4838-41FE-916B-06B496861D90}.Release|Any CPU.ActiveCfg = Release|Any CPU
		{0430B70B-4838-41FE-916B-06B496861D90}.Release|Any CPU.Build.0 = Release|Any CPU
		{B83DDE39-00BB-453F-B4A5-508126769B3F}.Debug|Any CPU.ActiveCfg = Debug|Any CPU
		{B83DDE39-00BB-453F-B4A5-508126769B3F}.Debug|Any CPU.Build.0 = Debug|Any CPU
		{B83DDE39-00BB-453F-B4A5-508126769B3F}.Release|Any CPU.ActiveCfg = Release|Any CPU
		{B83DDE39-00BB-453F-B4A5-508126769B3F}.Release|Any CPU.Build.0 = Release|Any CPU
		{2A24C29C-1D82-40EF-BC52-AB9C5C518965}.Debug|Any CPU.ActiveCfg = Debug|Any CPU
		{2A24C29C-1D82-40EF-BC52-AB9C5C518965}.Debug|Any CPU.Build.0 = Debug|Any CPU
		{2A24C29C-1D82-40EF-BC52-AB9C5C518965}.Release|Any CPU.ActiveCfg = Release|Any CPU
		{2A24C29C-1D82-40EF-BC52-AB9C5C518965}.Release|Any CPU.Build.0 = Release|Any CPU
		{4E7BE15B-0334-48E6-9888-E4E78DBB2390}.Debug|Any CPU.ActiveCfg = Debug|Any CPU
		{4E7BE15B-0334-48E6-9888-E4E78DBB2390}.Debug|Any CPU.Build.0 = Debug|Any CPU
		{4E7BE15B-0334-48E6-9888-E4E78DBB2390}.Release|Any CPU.ActiveCfg = Release|Any CPU
		{4E7BE15B-0334-48E6-9888-E4E78DBB2390}.Release|Any CPU.Build.0 = Release|Any CPU
		{6A405A0F-59A1-4C9F-8FD8-B0CC91CD21FD}.Debug|Any CPU.ActiveCfg = Debug|Any CPU
		{6A405A0F-59A1-4C9F-8FD8-B0CC91CD21FD}.Debug|Any CPU.Build.0 = Debug|Any CPU
		{6A405A0F-59A1-4C9F-8FD8-B0CC91CD21FD}.Release|Any CPU.ActiveCfg = Release|Any CPU
		{6A405A0F-59A1-4C9F-8FD8-B0CC91CD21FD}.Release|Any CPU.Build.0 = Release|Any CPU
		{C2540A03-1352-4A32-AB64-00A0D5469522}.Debug|Any CPU.ActiveCfg = Debug|Any CPU
		{C2540A03-1352-4A32-AB64-00A0D5469522}.Debug|Any CPU.Build.0 = Debug|Any CPU
		{C2540A03-1352-4A32-AB64-00A0D5469522}.Release|Any CPU.ActiveCfg = Release|Any CPU
		{C2540A03-1352-4A32-AB64-00A0D5469522}.Release|Any CPU.Build.0 = Release|Any CPU
		{65F36391-8C8D-4C51-929C-3E5BBF95C99C}.Debug|Any CPU.ActiveCfg = Debug|Any CPU
		{65F36391-8C8D-4C51-929C-3E5BBF95C99C}.Debug|Any CPU.Build.0 = Debug|Any CPU
		{65F36391-8C8D-4C51-929C-3E5BBF95C99C}.Release|Any CPU.ActiveCfg = Release|Any CPU
		{65F36391-8C8D-4C51-929C-3E5BBF95C99C}.Release|Any CPU.Build.0 = Release|Any CPU
		{5704258F-32F6-4525-9DCE-7A850D4C6E12}.Debug|Any CPU.ActiveCfg = Debug|Any CPU
		{5704258F-32F6-4525-9DCE-7A850D4C6E12}.Debug|Any CPU.Build.0 = Debug|Any CPU
		{5704258F-32F6-4525-9DCE-7A850D4C6E12}.Release|Any CPU.ActiveCfg = Release|Any CPU
		{5704258F-32F6-4525-9DCE-7A850D4C6E12}.Release|Any CPU.Build.0 = Release|Any CPU
		{BA13F2F9-A4AC-4EE5-A7E4-B67F0C17BA8A}.Debug|Any CPU.ActiveCfg = Debug|Any CPU
		{BA13F2F9-A4AC-4EE5-A7E4-B67F0C17BA8A}.Debug|Any CPU.Build.0 = Debug|Any CPU
		{BA13F2F9-A4AC-4EE5-A7E4-B67F0C17BA8A}.Release|Any CPU.ActiveCfg = Release|Any CPU
		{BA13F2F9-A4AC-4EE5-A7E4-B67F0C17BA8A}.Release|Any CPU.Build.0 = Release|Any CPU
		{FCDE4D4C-443E-4FCD-B992-C2A9BC0AE262}.Debug|Any CPU.ActiveCfg = Debug|Any CPU
		{FCDE4D4C-443E-4FCD-B992-C2A9BC0AE262}.Debug|Any CPU.Build.0 = Debug|Any CPU
		{FCDE4D4C-443E-4FCD-B992-C2A9BC0AE262}.Release|Any CPU.ActiveCfg = Release|Any CPU
		{FCDE4D4C-443E-4FCD-B992-C2A9BC0AE262}.Release|Any CPU.Build.0 = Release|Any CPU
		{4C22C26D-401B-46A5-9D6A-7828935B00E4}.Debug|Any CPU.ActiveCfg = Debug|Any CPU
		{4C22C26D-401B-46A5-9D6A-7828935B00E4}.Debug|Any CPU.Build.0 = Debug|Any CPU
		{4C22C26D-401B-46A5-9D6A-7828935B00E4}.Release|Any CPU.ActiveCfg = Release|Any CPU
		{4C22C26D-401B-46A5-9D6A-7828935B00E4}.Release|Any CPU.Build.0 = Release|Any CPU
	EndGlobalSection
	GlobalSection(SolutionProperties) = preSolution
		HideSolutionNode = FALSE
	EndGlobalSection
	GlobalSection(NestedProjects) = preSolution
		{7AF50828-A69B-48EA-8C5E-714533DC9ABA} = {DC123469-E743-4500-86B9-B1BC450AA0BA}
		{FE1D8F66-C369-49EE-B0F5-6019714DC6F7} = {DC123469-E743-4500-86B9-B1BC450AA0BA}
		{CF1C6B7F-E802-461F-9E0A-E7E2ED19091A} = {DC123469-E743-4500-86B9-B1BC450AA0BA}
		{19BA367C-5603-4468-99FD-ECB04D4D91BE} = {A9184D0C-5842-4DD7-BA5A-6BF075D13C6C}
		{DCB7D535-9884-4104-9230-A880C00E0ADC} = {A9184D0C-5842-4DD7-BA5A-6BF075D13C6C}
		{1AD32991-B02A-4AE9-B120-D796D730A3BC} = {7A856D5F-9794-465C-B061-10CFE4FC868F}
		{0430B70B-4838-41FE-916B-06B496861D90} = {7A856D5F-9794-465C-B061-10CFE4FC868F}
		{B83DDE39-00BB-453F-B4A5-508126769B3F} = {A9184D0C-5842-4DD7-BA5A-6BF075D13C6C}
		{2A24C29C-1D82-40EF-BC52-AB9C5C518965} = {A9184D0C-5842-4DD7-BA5A-6BF075D13C6C}
		{4E7BE15B-0334-48E6-9888-E4E78DBB2390} = {7A856D5F-9794-465C-B061-10CFE4FC868F}
		{6A405A0F-59A1-4C9F-8FD8-B0CC91CD21FD} = {5BD0B512-DD0A-48F8-AA52-ECE6A0BFE863}
		{C2540A03-1352-4A32-AB64-00A0D5469522} = {5BD0B512-DD0A-48F8-AA52-ECE6A0BFE863}
		{65F36391-8C8D-4C51-929C-3E5BBF95C99C} = {5BD0B512-DD0A-48F8-AA52-ECE6A0BFE863}
		{5704258F-32F6-4525-9DCE-7A850D4C6E12} = {60944F09-5D7B-415A-8D07-3F87E8468ABD}
		{BA13F2F9-A4AC-4EE5-A7E4-B67F0C17BA8A} = {60944F09-5D7B-415A-8D07-3F87E8468ABD}
		{FCDE4D4C-443E-4FCD-B992-C2A9BC0AE262} = {29C28212-57B9-40B3-BFF6-FE95D68BBE67}
		{4C22C26D-401B-46A5-9D6A-7828935B00E4} = {29C28212-57B9-40B3-BFF6-FE95D68BBE67}
	EndGlobalSection
	GlobalSection(ExtensibilityGlobals) = postSolution
		SolutionGuid = {46BD1351-9E96-4B0F-8620-67E159CA050A}
	EndGlobalSection
EndGlobal
